PODS:
  - MFTCloudKitSyncManager (0.1.0)

DEPENDENCIES:
  - MFTCloudKitSyncManager (from `../`)

EXTERNAL SOURCES:
  MFTCloudKitSyncManager:
    :path: ../

SPEC CHECKSUMS:
  MFTCloudKitSyncManager: 81e32b1b644b37f18d64efb53abedf54077ee2b4

PODFILE CHECKSUM: 310dc704f7afb2c36db4760681a6c253155f6915

COCOAPODS: 1.1.0.beta.1
